{
  "name": "hoverfly-ui",
  "lockfileVersion": 3,
  "requires": true,
  "packages": {
    "node_modules/monaco-editor": {
      "version": "0.45.0",
      "resolved": "https://registry.npmjs.org/monaco-editor/-/monaco-editor-0.45.0.tgz",
      "integrity": "sha512-mjv1G1ZzfEE3k9HZN0dQ2olMdwIfaeAAjFiwNprLfYNRSz7ctv9XuCT7gPtBGrMUeV1/iZzYKj17Khu1hxoHOA==",
      "peer": true
    },
    "node_modules/vite-plugin-monaco-editor": {
      "version": "1.1.0",
      "resolved": "https://registry.npmjs.org/vite-plugin-monaco-editor/-/vite-plugin-monaco-editor-1.1.0.tgz",
      "integrity": "sha512-IvtUqZotrRoVqwT0PBBDIZPNraya3BxN/bfcNfnxZ5rkJiGcNtO5eAOWWSgT7zullIAEqQwxMU83yL9J5k7gww==",
      "peerDependencies": {
        "monaco-editor": ">=0.33.0"
      }
    }
  }
}
